
Microsoft Visual Studio Solution File, Format Version 12.00
# Visual Studio Version 17
VisualStudioVersion = 17.0.32014.148
MinimumVisualStudioVersion = 10.0.40219.1
Project("{FAE04EC0-301F-11D3-BF4B-00C04F79EFBC}") = "MovieConnect.Website", "MovieConnect.Website\MovieConnect.Website.csproj", "{7A6CC8FA-8EEC-40F7-BD49-E370E0060090}"
EndProject
Project("{FAE04EC0-301F-11D3-BF4B-00C04F79EFBC}") = "MovieConnect.Tests", "MovieConnect.Tests\MovieConnect.Tests.csproj", "{BC532114-17DB-42DD-9A1D-27A0BEC3C54C}"
EndProject
Global
	GlobalSection(SolutionConfigurationPlatforms) = preSolution
		Debug|Any CPU = Debug|Any CPU
		Release|Any CPU = Release|Any CPU
	EndGlobalSection
	GlobalSection(ProjectConfigurationPlatforms) = postSolution
		{7A6CC8FA-8EEC-40F7-BD49-E370E0060090}.Debug|Any CPU.ActiveCfg = Debug|Any CPU
		{7A6CC8FA-8EEC-40F7-BD49-E370E0060090}.Debug|Any CPU.Build.0 = Debug|Any CPU
		{7A6CC8FA-8EEC-40F7-BD49-E370E0060090}.Release|Any CPU.ActiveCfg = Release|Any CPU
		{7A6CC8FA-8EEC-40F7-BD49-E370E0060090}.Release|Any CPU.Build.0 = Release|Any CPU
		{BC532114-17DB-42DD-9A1D-27A0BEC3C54C}.Debug|Any CPU.ActiveCfg = Debug|Any CPU
		{BC532114-17DB-42DD-9A1D-27A0BEC3C54C}.Debug|Any CPU.Build.0 = Debug|Any CPU
		{BC532114-17DB-42DD-9A1D-27A0BEC3C54C}.Release|Any CPU.ActiveCfg = Release|Any CPU
		{BC532114-17DB-42DD-9A1D-27A0BEC3C54C}.Release|Any CPU.Build.0 = Release|Any CPU
	EndGlobalSection
	GlobalSection(SolutionProperties) = preSolution
		HideSolutionNode = FALSE
	EndGlobalSection
	GlobalSection(ExtensibilityGlobals) = postSolution
		SolutionGuid = {F723F91C-7639-4ED9-A28B-9C3CDBF6B85C}
	EndGlobalSection
EndGlobal
